
Microsoft Visual Studio Solution File, Format Version 12.00
# Visual Studio Version 17
VisualStudioVersion = 17.9.34701.34
MinimumVisualStudioVersion = 10.0.40219.1
Project("{888888A0-9F3D-457C-B088-3A5042F75D52}") = "Connect IO AI", "Connect IO AI\Connect IO AI.pyproj", "{F741BD2E-5AB6-4BF2-A482-2CBD3FC00458}"
EndProject
Global
	GlobalSection(SolutionConfigurationPlatforms) = preSolution
		Debug|Any CPU = Debug|Any CPU
		Release|Any CPU = Release|Any CPU
	EndGlobalSection
	GlobalSection(ProjectConfigurationPlatforms) = postSolution
		{F741BD2E-5AB6-4BF2-A482-2CBD3FC00458}.Debug|Any CPU.ActiveCfg = Debug|Any CPU
		{F741BD2E-5AB6-4BF2-A482-2CBD3FC00458}.Release|Any CPU.ActiveCfg = Release|Any CPU
	EndGlobalSection
	GlobalSection(SolutionProperties) = preSolution
		HideSolutionNode = FALSE
	EndGlobalSection
	GlobalSection(ExtensibilityGlobals) = postSolution
		SolutionGuid = {99641E50-7BBE-4964-A1E4-4E7467402FEE}
	EndGlobalSection
EndGlobal
